
Microsoft Visual Studio Solution File, Format Version 12.00
# Visual Studio 15
VisualStudioVersion = 15.0.27703.2026
MinimumVisualStudioVersion = 10.0.40219.1
Project("{8BC9CEB8-8B4A-11D0-8D11-00A0C91BC942}") = "Project4", "Project4\Project4.vcxproj", "{C341D15C-18D5-45DC-89CD-CF2D6E749740}"
EndProject
Global
	GlobalSection(SolutionConfigurationPlatforms) = preSolution
		Debug|x64 = Debug|x64
		Debug|x86 = Debug|x86
		Release|x64 = Release|x64
		Release|x86 = Release|x86
	EndGlobalSection
	GlobalSection(ProjectConfigurationPlatforms) = postSolution
		{C341D15C-18D5-45DC-89CD-CF2D6E749740}.Debug|x64.ActiveCfg = Debug|x64
		{C341D15C-18D5-45DC-89CD-CF2D6E749740}.Debug|x64.Build.0 = Debug|x64
		{C341D15C-18D5-45DC-89CD-CF2D6E749740}.Debug|x86.ActiveCfg = Debug|Win32
		{C341D15C-18D5-45DC-89CD-CF2D6E749740}.Debug|x86.Build.0 = Debug|Win32
		{C341D15C-18D5-45DC-89CD-CF2D6E749740}.Release|x64.ActiveCfg = Release|x64
		{C341D15C-18D5-45DC-89CD-CF2D6E749740}.Release|x64.Build.0 = Release|x64
		{C341D15C-18D5-45DC-89CD-CF2D6E749740}.Release|x86.ActiveCfg = Release|Win32
		{C341D15C-18D5-45DC-89CD-CF2D6E749740}.Release|x86.Build.0 = Release|Win32
	EndGlobalSection
	GlobalSection(SolutionProperties) = preSolution
		HideSolutionNode = FALSE
	EndGlobalSection
	GlobalSection(ExtensibilityGlobals) = postSolution
		SolutionGuid = {DDD5F020-CFE5-4B49-BC02-F28B7AA81C38}
	EndGlobalSection
EndGlobal
