
Microsoft Visual Studio Solution File, Format Version 12.00
# Visual Studio 2012
Project("{8BC9CEB8-8B4A-11D0-8D11-00A0C91BC942}") = "Task 1 Set", "Task 1 Set\Task 1 Set.vcxproj", "{6DE31674-60A5-48F3-921E-12A1976CD3FC}"
EndProject
Global
	GlobalSection(SolutionConfigurationPlatforms) = preSolution
		Debug|Win32 = Debug|Win32
		Release|Win32 = Release|Win32
	EndGlobalSection
	GlobalSection(ProjectConfigurationPlatforms) = postSolution
		{6DE31674-60A5-48F3-921E-12A1976CD3FC}.Debug|Win32.ActiveCfg = Debug|Win32
		{6DE31674-60A5-48F3-921E-12A1976CD3FC}.Debug|Win32.Build.0 = Debug|Win32
		{6DE31674-60A5-48F3-921E-12A1976CD3FC}.Release|Win32.ActiveCfg = Release|Win32
		{6DE31674-60A5-48F3-921E-12A1976CD3FC}.Release|Win32.Build.0 = Release|Win32
	EndGlobalSection
	GlobalSection(SolutionProperties) = preSolution
		HideSolutionNode = FALSE
	EndGlobalSection
EndGlobal
