
Microsoft Visual Studio Solution File, Format Version 12.00
# Visual Studio 15
VisualStudioVersion = 15.0.28307.136
MinimumVisualStudioVersion = 10.0.40219.1
Project("{8BC9CEB8-8B4A-11D0-8D11-00A0C91BC942}") = "Project4", "Project4\Project4.vcxproj", "{EFC3E633-068D-4C68-A677-370DE2981DE0}"
EndProject
Global
	GlobalSection(SolutionConfigurationPlatforms) = preSolution
		Debug|x64 = Debug|x64
		Debug|x86 = Debug|x86
		Release|x64 = Release|x64
		Release|x86 = Release|x86
	EndGlobalSection
	GlobalSection(ProjectConfigurationPlatforms) = postSolution
		{EFC3E633-068D-4C68-A677-370DE2981DE0}.Debug|x64.ActiveCfg = Debug|x64
		{EFC3E633-068D-4C68-A677-370DE2981DE0}.Debug|x64.Build.0 = Debug|x64
		{EFC3E633-068D-4C68-A677-370DE2981DE0}.Debug|x86.ActiveCfg = Debug|Win32
		{EFC3E633-068D-4C68-A677-370DE2981DE0}.Debug|x86.Build.0 = Debug|Win32
		{EFC3E633-068D-4C68-A677-370DE2981DE0}.Release|x64.ActiveCfg = Release|x64
		{EFC3E633-068D-4C68-A677-370DE2981DE0}.Release|x64.Build.0 = Release|x64
		{EFC3E633-068D-4C68-A677-370DE2981DE0}.Release|x86.ActiveCfg = Release|Win32
		{EFC3E633-068D-4C68-A677-370DE2981DE0}.Release|x86.Build.0 = Release|Win32
	EndGlobalSection
	GlobalSection(SolutionProperties) = preSolution
		HideSolutionNode = FALSE
	EndGlobalSection
	GlobalSection(ExtensibilityGlobals) = postSolution
		SolutionGuid = {30CFB7F2-578A-4B03-8C15-F6C9C202A7B6}
	EndGlobalSection
EndGlobal
