
Microsoft Visual Studio Solution File, Format Version 12.00
# Visual Studio 15
VisualStudioVersion = 15.0.28307.136
MinimumVisualStudioVersion = 10.0.40219.1
Project("{8BC9CEB8-8B4A-11D0-8D11-00A0C91BC942}") = "Project3", "Project3\Project3.vcxproj", "{30FF50ED-E00C-41FE-A98B-FF913424029A}"
EndProject
Global
	GlobalSection(SolutionConfigurationPlatforms) = preSolution
		Debug|x64 = Debug|x64
		Debug|x86 = Debug|x86
		Release|x64 = Release|x64
		Release|x86 = Release|x86
	EndGlobalSection
	GlobalSection(ProjectConfigurationPlatforms) = postSolution
		{30FF50ED-E00C-41FE-A98B-FF913424029A}.Debug|x64.ActiveCfg = Debug|x64
		{30FF50ED-E00C-41FE-A98B-FF913424029A}.Debug|x64.Build.0 = Debug|x64
		{30FF50ED-E00C-41FE-A98B-FF913424029A}.Debug|x86.ActiveCfg = Debug|Win32
		{30FF50ED-E00C-41FE-A98B-FF913424029A}.Debug|x86.Build.0 = Debug|Win32
		{30FF50ED-E00C-41FE-A98B-FF913424029A}.Release|x64.ActiveCfg = Release|x64
		{30FF50ED-E00C-41FE-A98B-FF913424029A}.Release|x64.Build.0 = Release|x64
		{30FF50ED-E00C-41FE-A98B-FF913424029A}.Release|x86.ActiveCfg = Release|Win32
		{30FF50ED-E00C-41FE-A98B-FF913424029A}.Release|x86.Build.0 = Release|Win32
	EndGlobalSection
	GlobalSection(SolutionProperties) = preSolution
		HideSolutionNode = FALSE
	EndGlobalSection
	GlobalSection(ExtensibilityGlobals) = postSolution
		SolutionGuid = {87E6FEAB-FE01-4802-89B4-97171948F4AC}
	EndGlobalSection
EndGlobal
